
Microsoft Visual Studio Solution File, Format Version 12.00
# Visual Studio Version 16
VisualStudioVersion = 16.0.30611.23
MinimumVisualStudioVersion = 10.0.40219.1
Project("{FAE04EC0-301F-11D3-BF4B-00C04F79EFBC}") = "Olá mundo", "Olá mundo\Olá mundo.csproj", "{480320FD-10E3-49B6-B63A-F4936FC153CA}"
EndProject
Global
	GlobalSection(SolutionConfigurationPlatforms) = preSolution
		Debug|Any CPU = Debug|Any CPU
		Release|Any CPU = Release|Any CPU
	EndGlobalSection
	GlobalSection(ProjectConfigurationPlatforms) = postSolution
		{480320FD-10E3-49B6-B63A-F4936FC153CA}.Debug|Any CPU.ActiveCfg = Debug|Any CPU
		{480320FD-10E3-49B6-B63A-F4936FC153CA}.Debug|Any CPU.Build.0 = Debug|Any CPU
		{480320FD-10E3-49B6-B63A-F4936FC153CA}.Release|Any CPU.ActiveCfg = Release|Any CPU
		{480320FD-10E3-49B6-B63A-F4936FC153CA}.Release|Any CPU.Build.0 = Release|Any CPU
	EndGlobalSection
	GlobalSection(SolutionProperties) = preSolution
		HideSolutionNode = FALSE
	EndGlobalSection
	GlobalSection(ExtensibilityGlobals) = postSolution
		SolutionGuid = {980D24ED-9CE8-46F7-ADA1-37DE2BC03606}
	EndGlobalSection
EndGlobal
